
Microsoft Visual Studio Solution File, Format Version 12.00
# Visual Studio Version 17
VisualStudioVersion = 17.1.32328.378
MinimumVisualStudioVersion = 10.0.40219.1
Project("{FAE04EC0-301F-11D3-BF4B-00C04F79EFBC}") = "Ej3", "Ej3.csproj", "{A20E2E66-F574-4B23-A5F1-31436DC0F244}"
EndProject
Global
	GlobalSection(SolutionConfigurationPlatforms) = preSolution
		Debug|Any CPU = Debug|Any CPU
		Release|Any CPU = Release|Any CPU
	EndGlobalSection
	GlobalSection(ProjectConfigurationPlatforms) = postSolution
		{A20E2E66-F574-4B23-A5F1-31436DC0F244}.Debug|Any CPU.ActiveCfg = Debug|Any CPU
		{A20E2E66-F574-4B23-A5F1-31436DC0F244}.Debug|Any CPU.Build.0 = Debug|Any CPU
		{A20E2E66-F574-4B23-A5F1-31436DC0F244}.Release|Any CPU.ActiveCfg = Release|Any CPU
		{A20E2E66-F574-4B23-A5F1-31436DC0F244}.Release|Any CPU.Build.0 = Release|Any CPU
	EndGlobalSection
	GlobalSection(SolutionProperties) = preSolution
		HideSolutionNode = FALSE
	EndGlobalSection
	GlobalSection(ExtensibilityGlobals) = postSolution
		SolutionGuid = {A30C1A99-7A50-4AA1-9FB1-59E4A2E60885}
	EndGlobalSection
EndGlobal
