
Microsoft Visual Studio Solution File, Format Version 12.00
# Visual Studio Version 17
VisualStudioVersion = 17.1.32407.343
MinimumVisualStudioVersion = 10.0.40219.1
Project("{FAE04EC0-301F-11D3-BF4B-00C04F79EFBC}") = "ExplicacionBlogDeNotas", "ExplicacionBlogDeNotas\ExplicacionBlogDeNotas.csproj", "{2758D419-A073-45FD-B927-44DA26E4511A}"
EndProject
Global
	GlobalSection(SolutionConfigurationPlatforms) = preSolution
		Debug|Any CPU = Debug|Any CPU
		Release|Any CPU = Release|Any CPU
	EndGlobalSection
	GlobalSection(ProjectConfigurationPlatforms) = postSolution
		{2758D419-A073-45FD-B927-44DA26E4511A}.Debug|Any CPU.ActiveCfg = Debug|Any CPU
		{2758D419-A073-45FD-B927-44DA26E4511A}.Debug|Any CPU.Build.0 = Debug|Any CPU
		{2758D419-A073-45FD-B927-44DA26E4511A}.Release|Any CPU.ActiveCfg = Release|Any CPU
		{2758D419-A073-45FD-B927-44DA26E4511A}.Release|Any CPU.Build.0 = Release|Any CPU
	EndGlobalSection
	GlobalSection(SolutionProperties) = preSolution
		HideSolutionNode = FALSE
	EndGlobalSection
	GlobalSection(ExtensibilityGlobals) = postSolution
		SolutionGuid = {1362E609-7582-45BB-A691-71EB93847CF9}
	EndGlobalSection
EndGlobal
