
Microsoft Visual Studio Solution File, Format Version 12.00
# Visual Studio Version 17
VisualStudioVersion = 17.1.32421.90
MinimumVisualStudioVersion = 10.0.40219.1
Project("{FAE04EC0-301F-11D3-BF4B-00C04F79EFBC}") = "ExplicacionFiltros", "ExplicacionFiltros.csproj", "{15C3430E-57D2-44C3-AACD-7F1B41BFC550}"
EndProject
Global
	GlobalSection(SolutionConfigurationPlatforms) = preSolution
		Debug|Any CPU = Debug|Any CPU
		Release|Any CPU = Release|Any CPU
	EndGlobalSection
	GlobalSection(ProjectConfigurationPlatforms) = postSolution
		{15C3430E-57D2-44C3-AACD-7F1B41BFC550}.Debug|Any CPU.ActiveCfg = Debug|Any CPU
		{15C3430E-57D2-44C3-AACD-7F1B41BFC550}.Debug|Any CPU.Build.0 = Debug|Any CPU
		{15C3430E-57D2-44C3-AACD-7F1B41BFC550}.Release|Any CPU.ActiveCfg = Release|Any CPU
		{15C3430E-57D2-44C3-AACD-7F1B41BFC550}.Release|Any CPU.Build.0 = Release|Any CPU
	EndGlobalSection
	GlobalSection(SolutionProperties) = preSolution
		HideSolutionNode = FALSE
	EndGlobalSection
	GlobalSection(ExtensibilityGlobals) = postSolution
		SolutionGuid = {6F70B823-F68F-46D6-BD61-3139473C754F}
	EndGlobalSection
EndGlobal
