
Microsoft Visual Studio Solution File, Format Version 12.00
# Visual Studio Version 17
VisualStudioVersion = 17.1.32328.378
MinimumVisualStudioVersion = 10.0.40219.1
Project("{FAE04EC0-301F-11D3-BF4B-00C04F79EFBC}") = "EstadisticasTexto", "EstadisticasTexto\EstadisticasTexto.csproj", "{234DF188-52A8-4D12-A526-9232C2A372DA}"
EndProject
Global
	GlobalSection(SolutionConfigurationPlatforms) = preSolution
		Debug|Any CPU = Debug|Any CPU
		Release|Any CPU = Release|Any CPU
	EndGlobalSection
	GlobalSection(ProjectConfigurationPlatforms) = postSolution
		{234DF188-52A8-4D12-A526-9232C2A372DA}.Debug|Any CPU.ActiveCfg = Debug|Any CPU
		{234DF188-52A8-4D12-A526-9232C2A372DA}.Debug|Any CPU.Build.0 = Debug|Any CPU
		{234DF188-52A8-4D12-A526-9232C2A372DA}.Release|Any CPU.ActiveCfg = Release|Any CPU
		{234DF188-52A8-4D12-A526-9232C2A372DA}.Release|Any CPU.Build.0 = Release|Any CPU
	EndGlobalSection
	GlobalSection(SolutionProperties) = preSolution
		HideSolutionNode = FALSE
	EndGlobalSection
	GlobalSection(ExtensibilityGlobals) = postSolution
		SolutionGuid = {C4B10F42-E61F-47BC-8EC2-4FB5CE335E5F}
	EndGlobalSection
EndGlobal
