
Microsoft Visual Studio Solution File, Format Version 12.00
# Visual Studio Version 17
VisualStudioVersion = 17.1.32328.378
MinimumVisualStudioVersion = 10.0.40219.1
Project("{FAE04EC0-301F-11D3-BF4B-00C04F79EFBC}") = "Adivino", "Adivino\Adivino.csproj", "{E55F8868-012A-4807-8FCA-C4C5BA191929}"
EndProject
Global
	GlobalSection(SolutionConfigurationPlatforms) = preSolution
		Debug|Any CPU = Debug|Any CPU
		Release|Any CPU = Release|Any CPU
	EndGlobalSection
	GlobalSection(ProjectConfigurationPlatforms) = postSolution
		{E55F8868-012A-4807-8FCA-C4C5BA191929}.Debug|Any CPU.ActiveCfg = Debug|Any CPU
		{E55F8868-012A-4807-8FCA-C4C5BA191929}.Debug|Any CPU.Build.0 = Debug|Any CPU
		{E55F8868-012A-4807-8FCA-C4C5BA191929}.Release|Any CPU.ActiveCfg = Release|Any CPU
		{E55F8868-012A-4807-8FCA-C4C5BA191929}.Release|Any CPU.Build.0 = Release|Any CPU
	EndGlobalSection
	GlobalSection(SolutionProperties) = preSolution
		HideSolutionNode = FALSE
	EndGlobalSection
	GlobalSection(ExtensibilityGlobals) = postSolution
		SolutionGuid = {57E30B61-482C-4DEC-BF8E-F9FA671DF6A3}
	EndGlobalSection
EndGlobal
