
Microsoft Visual Studio Solution File, Format Version 12.00
# Visual Studio Version 17
VisualStudioVersion = 17.1.32421.90
MinimumVisualStudioVersion = 10.0.40219.1
Project("{FAE04EC0-301F-11D3-BF4B-00C04F79EFBC}") = "CreacionElementos", "CreacionElementos.csproj", "{BD244423-774E-45A4-8134-09D36E8F632C}"
EndProject
Global
	GlobalSection(SolutionConfigurationPlatforms) = preSolution
		Debug|Any CPU = Debug|Any CPU
		Release|Any CPU = Release|Any CPU
	EndGlobalSection
	GlobalSection(ProjectConfigurationPlatforms) = postSolution
		{BD244423-774E-45A4-8134-09D36E8F632C}.Debug|Any CPU.ActiveCfg = Debug|Any CPU
		{BD244423-774E-45A4-8134-09D36E8F632C}.Debug|Any CPU.Build.0 = Debug|Any CPU
		{BD244423-774E-45A4-8134-09D36E8F632C}.Release|Any CPU.ActiveCfg = Release|Any CPU
		{BD244423-774E-45A4-8134-09D36E8F632C}.Release|Any CPU.Build.0 = Release|Any CPU
	EndGlobalSection
	GlobalSection(SolutionProperties) = preSolution
		HideSolutionNode = FALSE
	EndGlobalSection
	GlobalSection(ExtensibilityGlobals) = postSolution
		SolutionGuid = {54DA6AD9-CBC3-4836-970F-2362758B4917}
	EndGlobalSection
EndGlobal
