
Microsoft Visual Studio Solution File, Format Version 12.00
# Visual Studio Version 17
VisualStudioVersion = 17.1.32328.378
MinimumVisualStudioVersion = 10.0.40219.1
Project("{FAE04EC0-301F-11D3-BF4B-00C04F79EFBC}") = "Ej4", "Ej4.csproj", "{817DA3C5-A543-4326-86A7-9524CDB79DD2}"
EndProject
Global
	GlobalSection(SolutionConfigurationPlatforms) = preSolution
		Debug|Any CPU = Debug|Any CPU
		Release|Any CPU = Release|Any CPU
	EndGlobalSection
	GlobalSection(ProjectConfigurationPlatforms) = postSolution
		{817DA3C5-A543-4326-86A7-9524CDB79DD2}.Debug|Any CPU.ActiveCfg = Debug|Any CPU
		{817DA3C5-A543-4326-86A7-9524CDB79DD2}.Debug|Any CPU.Build.0 = Debug|Any CPU
		{817DA3C5-A543-4326-86A7-9524CDB79DD2}.Release|Any CPU.ActiveCfg = Release|Any CPU
		{817DA3C5-A543-4326-86A7-9524CDB79DD2}.Release|Any CPU.Build.0 = Release|Any CPU
	EndGlobalSection
	GlobalSection(SolutionProperties) = preSolution
		HideSolutionNode = FALSE
	EndGlobalSection
	GlobalSection(ExtensibilityGlobals) = postSolution
		SolutionGuid = {ABEAAAF7-8490-45C0-AB26-6C1FF7632477}
	EndGlobalSection
EndGlobal
