
Microsoft Visual Studio Solution File, Format Version 12.00
# Visual Studio Version 17
VisualStudioVersion = 17.1.32328.378
MinimumVisualStudioVersion = 10.0.40219.1
Project("{FAE04EC0-301F-11D3-BF4B-00C04F79EFBC}") = "Calculadora", "Calculadora\Calculadora.csproj", "{4FE13EEB-33B9-48AC-85DE-BE361E31EDBD}"
EndProject
Global
	GlobalSection(SolutionConfigurationPlatforms) = preSolution
		Debug|Any CPU = Debug|Any CPU
		Release|Any CPU = Release|Any CPU
	EndGlobalSection
	GlobalSection(ProjectConfigurationPlatforms) = postSolution
		{4FE13EEB-33B9-48AC-85DE-BE361E31EDBD}.Debug|Any CPU.ActiveCfg = Debug|Any CPU
		{4FE13EEB-33B9-48AC-85DE-BE361E31EDBD}.Debug|Any CPU.Build.0 = Debug|Any CPU
		{4FE13EEB-33B9-48AC-85DE-BE361E31EDBD}.Release|Any CPU.ActiveCfg = Release|Any CPU
		{4FE13EEB-33B9-48AC-85DE-BE361E31EDBD}.Release|Any CPU.Build.0 = Release|Any CPU
	EndGlobalSection
	GlobalSection(SolutionProperties) = preSolution
		HideSolutionNode = FALSE
	EndGlobalSection
	GlobalSection(ExtensibilityGlobals) = postSolution
		SolutionGuid = {DCF55CE4-8747-4AA7-8DB6-D8DB631B3D95}
	EndGlobalSection
EndGlobal
