
Microsoft Visual Studio Solution File, Format Version 12.00
# Visual Studio Version 17
VisualStudioVersion = 17.1.32328.378
MinimumVisualStudioVersion = 10.0.40219.1
Project("{FAE04EC0-301F-11D3-BF4B-00C04F79EFBC}") = "Ej1", "Ej1.csproj", "{DBB824BA-EAB5-43C8-BF4F-C3D21D4AB4C7}"
EndProject
Global
	GlobalSection(SolutionConfigurationPlatforms) = preSolution
		Debug|Any CPU = Debug|Any CPU
		Release|Any CPU = Release|Any CPU
	EndGlobalSection
	GlobalSection(ProjectConfigurationPlatforms) = postSolution
		{DBB824BA-EAB5-43C8-BF4F-C3D21D4AB4C7}.Debug|Any CPU.ActiveCfg = Debug|Any CPU
		{DBB824BA-EAB5-43C8-BF4F-C3D21D4AB4C7}.Debug|Any CPU.Build.0 = Debug|Any CPU
		{DBB824BA-EAB5-43C8-BF4F-C3D21D4AB4C7}.Release|Any CPU.ActiveCfg = Release|Any CPU
		{DBB824BA-EAB5-43C8-BF4F-C3D21D4AB4C7}.Release|Any CPU.Build.0 = Release|Any CPU
	EndGlobalSection
	GlobalSection(SolutionProperties) = preSolution
		HideSolutionNode = FALSE
	EndGlobalSection
	GlobalSection(ExtensibilityGlobals) = postSolution
		SolutionGuid = {9EA9E719-B216-4DAF-8E54-19FE4C63ED28}
	EndGlobalSection
EndGlobal
